PODS:
  - Capacitor (5.0.1):
    - CapacitorCordova
  - CapacitorApp (5.0.1):
    - Capacitor
  - CapacitorCordova (5.0.1)
  - CapacitorHaptics (5.0.1):
    - Capacitor
  - CapacitorKeyboard (5.0.1):
    - Capacitor
  - CapacitorStatusBar (5.0.1):
    - Capacitor

DEPENDENCIES:
  - "Capacitor (from `../../node_modules/@capacitor/ios`)"
  - "CapacitorApp (from `../../node_modules/@capacitor/app`)"
  - "CapacitorCordova (from `../../node_modules/@capacitor/ios`)"
  - "CapacitorHaptics (from `../../node_modules/@capacitor/haptics`)"
  - "CapacitorKeyboard (from `../../node_modules/@capacitor/keyboard`)"
  - "CapacitorStatusBar (from `../../node_modules/@capacitor/status-bar`)"

EXTERNAL SOURCES:
  Capacitor:
    :path: "../../node_modules/@capacitor/ios"
  CapacitorApp:
    :path: "../../node_modules/@capacitor/app"
  CapacitorCordova:
    :path: "../../node_modules/@capacitor/ios"
  CapacitorHaptics:
    :path: "../../node_modules/@capacitor/haptics"
  CapacitorKeyboard:
    :path: "../../node_modules/@capacitor/keyboard"
  CapacitorStatusBar:
    :path: "../../node_modules/@capacitor/status-bar"

SPEC CHECKSUMS:
  Capacitor: c550a8485d00d5d92b4f91a245f43555a2230eb6
  CapacitorApp: 23d62678d1092403c9c32d8b53c0cdd0da29fb2c
  CapacitorCordova: 4f8cf089c691f0e21032d22b1014808308cbc467
  CapacitorHaptics: 4bdfc3b0137e7d9040892c81332827929b896d3c
  CapacitorKeyboard: 5e1667b7b70e23b147f9fc91bafa458be41cba77
  CapacitorStatusBar: 4edd082a8dadcedb5b1fa2b8480d67a220c79849

PODFILE CHECKSUM: 481b90c01cf7ba51cc0b3b166926c5af446138fd

COCOAPODS: 1.12.0
